
Microsoft Visual Studio Solution File, Format Version 12.00
# Visual Studio Version 17
VisualStudioVersion = 17.4.33205.214
MinimumVisualStudioVersion = 10.0.40219.1
Project("{FAE04EC0-301F-11D3-BF4B-00C04F79EFBC}") = "IdentityServerPractice", "IdentityServerPractice\IdentityServerPractice.csproj", "{A0F65829-7977-457B-BB00-1BCE262A1CD8}"
EndProject
Global
	GlobalSection(SolutionConfigurationPlatforms) = preSolution
		Debug|Any CPU = Debug|Any CPU
		Release|Any CPU = Release|Any CPU
	EndGlobalSection
	GlobalSection(ProjectConfigurationPlatforms) = postSolution
		{A0F65829-7977-457B-BB00-1BCE262A1CD8}.Debug|Any CPU.ActiveCfg = Debug|Any CPU
		{A0F65829-7977-457B-BB00-1BCE262A1CD8}.Debug|Any CPU.Build.0 = Debug|Any CPU
		{A0F65829-7977-457B-BB00-1BCE262A1CD8}.Release|Any CPU.ActiveCfg = Release|Any CPU
		{A0F65829-7977-457B-BB00-1BCE262A1CD8}.Release|Any CPU.Build.0 = Release|Any CPU
	EndGlobalSection
	GlobalSection(SolutionProperties) = preSolution
		HideSolutionNode = FALSE
	EndGlobalSection
	GlobalSection(ExtensibilityGlobals) = postSolution
		SolutionGuid = {514F22C3-8685-47B5-8188-BD497151698C}
	EndGlobalSection
EndGlobal
